// !$*UTF8*$!
{
	archiveVersion = 1;
	classes = {
	};
	objectVersion = 46;
	objects = {

/* Begin PBXBuildFile section */
		1820D3261CC3231F0010A405 /* SportTypeTableViewController.m in Sources */ = {isa = PBXBuildFile; fileRef = 1820D3251CC3231F0010A405 /* SportTypeTableViewController.m */; };
		1820D3291CC3233D0010A405 /* ClubDetailViewController.m in Sources */ = {isa = PBXBuildFile; fileRef = 1820D3281CC3233D0010A405 /* ClubDetailViewController.m */; };
		1844777A1CC21A47003B2354 /* StorageMgr.m in Sources */ = {isa = PBXBuildFile; fileRef = 184477771CC21A47003B2354 /* StorageMgr.m */; };
		1844777B1CC21A47003B2354 /* Utilities.m in Sources */ = {isa = PBXBuildFile; fileRef = 184477791CC21A47003B2354 /* Utilities.m */; };
		1844777E1CC21ABA003B2354 /* Openssl.framework in Frameworks */ = {isa = PBXBuildFile; fileRef = 1844777D1CC21ABA003B2354 /* Openssl.framework */; };
		184477831CC21B4E003B2354 /* BasicEncodingRules.m in Sources */ = {isa = PBXBuildFile; fileRef = 184477821CC21B4E003B2354 /* BasicEncodingRules.m */; };
		1844778C1CC21B62003B2354 /* AppAPIClient.m in Sources */ = {isa = PBXBuildFile; fileRef = 184477851CC21B62003B2354 /* AppAPIClient.m */; };
		1844778D1CC21B62003B2354 /* NSData+Base64.m in Sources */ = {isa = PBXBuildFile; fileRef = 184477871CC21B62003B2354 /* NSData+Base64.m */; };
		1844778E1CC21B62003B2354 /* NSString+Crypt.m in Sources */ = {isa = PBXBuildFile; fileRef = 184477891CC21B62003B2354 /* NSString+Crypt.m */; };
		1844778F1CC21B62003B2354 /* RequestAPI.m in Sources */ = {isa = PBXBuildFile; fileRef = 1844778B1CC21B62003B2354 /* RequestAPI.m */; };
		186685ED1CC2318C00B22A25 /* Home.storyboard in Resources */ = {isa = PBXBuildFile; fileRef = 186685EC1CC2318C00B22A25 /* Home.storyboard */; };
		187725D51CC20F5B003F8BD8 /* main.m in Sources */ = {isa = PBXBuildFile; fileRef = 187725D41CC20F5B003F8BD8 /* main.m */; };
		187725D81CC20F5B003F8BD8 /* AppDelegate.m in Sources */ = {isa = PBXBuildFile; fileRef = 187725D71CC20F5B003F8BD8 /* AppDelegate.m */; };
		187725DE1CC20F5B003F8BD8 /* Main.storyboard in Resources */ = {isa = PBXBuildFile; fileRef = 187725DC1CC20F5B003F8BD8 /* Main.storyboard */; };
		187725E11CC20F5B003F8BD8 /* Calorie.xcdatamodeld in Sources */ = {isa = PBXBuildFile; fileRef = 187725DF1CC20F5B003F8BD8 /* Calorie.xcdatamodeld */; };
		187725E31CC20F5B003F8BD8 /* Assets.xcassets in Resources */ = {isa = PBXBuildFile; fileRef = 187725E21CC20F5B003F8BD8 /* Assets.xcassets */; };
		187725E61CC20F5B003F8BD8 /* LaunchScreen.storyboard in Resources */ = {isa = PBXBuildFile; fileRef = 187725E41CC20F5B003F8BD8 /* LaunchScreen.storyboard */; };
		187725F11CC20F5B003F8BD8 /* CalorieTests.m in Sources */ = {isa = PBXBuildFile; fileRef = 187725F01CC20F5B003F8BD8 /* CalorieTests.m */; };
		187725FC1CC20F5B003F8BD8 /* CalorieUITests.m in Sources */ = {isa = PBXBuildFile; fileRef = 187725FB1CC20F5B003F8BD8 /* CalorieUITests.m */; };
		382815731CC314E00016A1A5 /* CodeViewController.m in Sources */ = {isa = PBXBuildFile; fileRef = 382815721CC314E00016A1A5 /* CodeViewController.m */; };
		382815BA1CC382010016A1A5 /* LeftViewController.m in Sources */ = {isa = PBXBuildFile; fileRef = 382815B91CC382010016A1A5 /* LeftViewController.m */; };
		382815BD1CC395E60016A1A5 /* MyMessageViewController.m in Sources */ = {isa = PBXBuildFile; fileRef = 382815BC1CC395E60016A1A5 /* MyMessageViewController.m */; };
		382815C31CC3AAAB0016A1A5 /* NavigationViewController.m in Sources */ = {isa = PBXBuildFile; fileRef = 382815C21CC3AAAB0016A1A5 /* NavigationViewController.m */; };
		385300D11CC2BC4E00F20B26 /* SignUpViewController.m in Sources */ = {isa = PBXBuildFile; fileRef = 385300D01CC2BC4E00F20B26 /* SignUpViewController.m */; };
		385300D41CC2BC6800F20B26 /* forgetPwViewController.m in Sources */ = {isa = PBXBuildFile; fileRef = 385300D31CC2BC6800F20B26 /* forgetPwViewController.m */; };
		3878787A1CC496A500FEE5B5 /* MessageTableViewCell.m in Sources */ = {isa = PBXBuildFile; fileRef = 387878791CC496A500FEE5B5 /* MessageTableViewCell.m */; };
		3878787D1CC496B400FEE5B5 /* WorkTableViewCell.m in Sources */ = {isa = PBXBuildFile; fileRef = 3878787C1CC496B400FEE5B5 /* WorkTableViewCell.m */; };
		387878801CC496C700FEE5B5 /* CollectTableViewCell.m in Sources */ = {isa = PBXBuildFile; fileRef = 3878787F1CC496C700FEE5B5 /* CollectTableViewCell.m */; };
		38B573071CC482C700F020BF /* Sliding.storyboard in Resources */ = {isa = PBXBuildFile; fileRef = 38B573061CC482C700F020BF /* Sliding.storyboard */; };
		6780EED5A8F2C22F41703B21 /* libPods.a in Frameworks */ = {isa = PBXBuildFile; fileRef = C9967E4C9082FD02452937B4 /* libPods.a */; };
		B808BA0F1CC3242D00864F24 /* SportTypeTableViewCell.m in Sources */ = {isa = PBXBuildFile; fileRef = B808BA0E1CC3242D00864F24 /* SportTypeTableViewCell.m */; };
		B808BA161CC3565500864F24 /* TabBarViewController.m in Sources */ = {isa = PBXBuildFile; fileRef = B808BA151CC3565500864F24 /* TabBarViewController.m */; };
		B8D900D71CC2554C00641C06 /* SignInViewController.m in Sources */ = {isa = PBXBuildFile; fileRef = B8D900D61CC2554C00641C06 /* SignInViewController.m */; };
		B8D900DA1CC2710900641C06 /* HomeTableViewController.m in Sources */ = {isa = PBXBuildFile; fileRef = B8D900D91CC2710900641C06 /* HomeTableViewController.m */; };
		B8D900DE1CC2716900641C06 /* TitleTableViewCell.m in Sources */ = {isa = PBXBuildFile; fileRef = B8D900DD1CC2716900641C06 /* TitleTableViewCell.m */; };
		B8D900E11CC2718A00641C06 /* HotClubTableViewCell.m in Sources */ = {isa = PBXBuildFile; fileRef = B8D900E01CC2718A00641C06 /* HotClubTableViewCell.m */; };
		B8F6B0491CC46CB100D5C7F1 /* MyWorkViewController.m in Sources */ = {isa = PBXBuildFile; fileRef = B8F6B0481CC46CB100D5C7F1 /* MyWorkViewController.m */; };
		B8F6B04C1CC46D0400D5C7F1 /* MyCollectViewController.m in Sources */ = {isa = PBXBuildFile; fileRef = B8F6B04B1CC46D0400D5C7F1 /* MyCollectViewController.m */; };
		B8F6B04F1CC46D9100D5C7F1 /* MessageNavViewController.m in Sources */ = {isa = PBXBuildFile; fileRef = B8F6B04E1CC46D9100D5C7F1 /* MessageNavViewController.m */; };
		B8F6B0521CC46EC800D5C7F1 /* WorkNavViewController.m in Sources */ = {isa = PBXBuildFile; fileRef = B8F6B0511CC46EC800D5C7F1 /* WorkNavViewController.m */; };
		B8F6B0551CC46EE700D5C7F1 /* CollectNavViewController.m in Sources */ = {isa = PBXBuildFile; fileRef = B8F6B0541CC46EE700D5C7F1 /* CollectNavViewController.m */; };
/* End PBXBuildFile section */

/* Begin PBXContainerItemProxy section */
		187725ED1CC20F5B003F8BD8 /* PBXContainerItemProxy */ = {
			isa = PBXContainerItemProxy;
			containerPortal = 187725C81CC20F5B003F8BD8 /* Project object */;
			proxyType = 1;
			remoteGlobalIDString = 187725CF1CC20F5B003F8BD8;
			remoteInfo = Calorie;
		};
		187725F81CC20F5B003F8BD8 /* PBXContainerItemProxy */ = {
			isa = PBXContainerItemProxy;
			containerPortal = 187725C81CC20F5B003F8BD8 /* Project object */;
			proxyType = 1;
			remoteGlobalIDString = 187725CF1CC20F5B003F8BD8;
			remoteInfo = Calorie;
		};
/* End PBXContainerItemProxy section */

/* Begin PBXFileReference section */
		1820D3241CC3231F0010A405 /* SportTypeTableViewController.h */ = {isa = PBXFileReference; fileEncoding = 4; lastKnownFileType = sourcecode.c.h; path = SportTypeTableViewController.h; sourceTree = "<group>"; };
		1820D3251CC3231F0010A405 /* SportTypeTableViewController.m */ = {isa = PBXFileReference; fileEncoding = 4; lastKnownFileType = sourcecode.c.objc; path = SportTypeTableViewController.m; sourceTree = "<group>"; };
		1820D3271CC3233D0010A405 /* ClubDetailViewController.h */ = {isa = PBXFileReference; fileEncoding = 4; lastKnownFileType = sourcecode.c.h; path = ClubDetailViewController.h; sourceTree = "<group>"; };
		1820D3281CC3233D0010A405 /* ClubDetailViewController.m */ = {isa = PBXFileReference; fileEncoding = 4; lastKnownFileType = sourcecode.c.objc; path = ClubDetailViewController.m; sourceTree = "<group>"; };
		184477761CC21A47003B2354 /* StorageMgr.h */ = {isa = PBXFileReference; fileEncoding = 4; lastKnownFileType = sourcecode.c.h; name = StorageMgr.h; path = Utilities/StorageMgr.h; sourceTree = SOURCE_ROOT; };
		184477771CC21A47003B2354 /* StorageMgr.m */ = {isa = PBXFileReference; fileEncoding = 4; lastKnownFileType = sourcecode.c.objc; name = StorageMgr.m; path = Utilities/StorageMgr.m; sourceTree = SOURCE_ROOT; };
		184477781CC21A47003B2354 /* Utilities.h */ = {isa = PBXFileReference; fileEncoding = 4; lastKnownFileType = sourcecode.c.h; name = Utilities.h; path = Utilities/Utilities.h; sourceTree = SOURCE_ROOT; };
		184477791CC21A47003B2354 /* Utilities.m */ = {isa = PBXFileReference; fileEncoding = 4; lastKnownFileType = sourcecode.c.objc; name = Utilities.m; path = Utilities/Utilities.m; sourceTree = SOURCE_ROOT; };
		1844777C1CC21A5E003B2354 /* Constants.h */ = {isa = PBXFileReference; lastKnownFileType = sourcecode.c.h; name = Constants.h; path = Constants/Constants.h; sourceTree = SOURCE_ROOT; };
		1844777D1CC21ABA003B2354 /* Openssl.framework */ = {isa = PBXFileReference; lastKnownFileType = wrapper.framework; path = Openssl.framework; sourceTree = "<group>"; };
		184477811CC21B4E003B2354 /* BasicEncodingRules.h */ = {isa = PBXFileReference; fileEncoding = 4; lastKnownFileType = sourcecode.c.h; name = BasicEncodingRules.h; path = "SCZ-BasicEncodingRules/BasicEncodingRules.h"; sourceTree = SOURCE_ROOT; };
		184477821CC21B4E003B2354 /* BasicEncodingRules.m */ = {isa = PBXFileReference; fileEncoding = 4; lastKnownFileType = sourcecode.c.objc; name = BasicEncodingRules.m; path = "SCZ-BasicEncodingRules/BasicEncodingRules.m"; sourceTree = SOURCE_ROOT; };
		184477841CC21B62003B2354 /* AppAPIClient.h */ = {isa = PBXFileReference; fileEncoding = 4; lastKnownFileType = sourcecode.c.h; name = AppAPIClient.h; path = Utilities/AppAPIClient.h; sourceTree = SOURCE_ROOT; };
		184477851CC21B62003B2354 /* AppAPIClient.m */ = {isa = PBXFileReference; fileEncoding = 4; lastKnownFileType = sourcecode.c.objc; name = AppAPIClient.m; path = Utilities/AppAPIClient.m; sourceTree = SOURCE_ROOT; };
		184477861CC21B62003B2354 /* NSData+Base64.h */ = {isa = PBXFileReference; fileEncoding = 4; lastKnownFileType = sourcecode.c.h; name = "NSData+Base64.h"; path = "Utilities/NSData+Base64.h"; sourceTree = SOURCE_ROOT; };
		184477871CC21B62003B2354 /* NSData+Base64.m */ = {isa = PBXFileReference; fileEncoding = 4; lastKnownFileType = sourcecode.c.objc; name = "NSData+Base64.m"; path = "Utilities/NSData+Base64.m"; sourceTree = SOURCE_ROOT; };
		184477881CC21B62003B2354 /* NSString+Crypt.h */ = {isa = PBXFileReference; fileEncoding = 4; lastKnownFileType = sourcecode.c.h; name = "NSString+Crypt.h"; path = "Utilities/NSString+Crypt.h"; sourceTree = SOURCE_ROOT; };
		184477891CC21B62003B2354 /* NSString+Crypt.m */ = {isa = PBXFileReference; fileEncoding = 4; lastKnownFileType = sourcecode.c.objc; name = "NSString+Crypt.m"; path = "Utilities/NSString+Crypt.m"; sourceTree = SOURCE_ROOT; };
		1844778A1CC21B62003B2354 /* RequestAPI.h */ = {isa = PBXFileReference; fileEncoding = 4; lastKnownFileType = sourcecode.c.h; name = RequestAPI.h; path = Utilities/RequestAPI.h; sourceTree = SOURCE_ROOT; };
		1844778B1CC21B62003B2354 /* RequestAPI.m */ = {isa = PBXFileReference; fileEncoding = 4; lastKnownFileType = sourcecode.c.objc; name = RequestAPI.m; path = Utilities/RequestAPI.m; sourceTree = SOURCE_ROOT; };
		184477901CC21BF6003B2354 /* PrefixHeader.pch */ = {isa = PBXFileReference; lastKnownFileType = sourcecode.c.h; path = PrefixHeader.pch; sourceTree = "<group>"; };
		186685EC1CC2318C00B22A25 /* Home.storyboard */ = {isa = PBXFileReference; fileEncoding = 4; lastKnownFileType = file.storyboard; path = Home.storyboard; sourceTree = "<group>"; };
		187725D01CC20F5B003F8BD8 /* Calorie.app */ = {isa = PBXFileReference; explicitFileType = wrapper.application; includeInIndex = 0; path = Calorie.app; sourceTree = BUILT_PRODUCTS_DIR; };
		187725D41CC20F5B003F8BD8 /* main.m */ = {isa = PBXFileReference; lastKnownFileType = sourcecode.c.objc; path = main.m; sourceTree = "<group>"; };
		187725D61CC20F5B003F8BD8 /* AppDelegate.h */ = {isa = PBXFileReference; lastKnownFileType = sourcecode.c.h; path = AppDelegate.h; sourceTree = "<group>"; };
		187725D71CC20F5B003F8BD8 /* AppDelegate.m */ = {isa = PBXFileReference; lastKnownFileType = sourcecode.c.objc; path = AppDelegate.m; sourceTree = "<group>"; };
		187725DD1CC20F5B003F8BD8 /* Base */ = {isa = PBXFileReference; lastKnownFileType = file.storyboard; name = Base; path = Base.lproj/Main.storyboard; sourceTree = "<group>"; };
		187725E01CC20F5B003F8BD8 /* Calorie.xcdatamodel */ = {isa = PBXFileReference; lastKnownFileType = wrapper.xcdatamodel; path = Calorie.xcdatamodel; sourceTree = "<group>"; };
		187725E21CC20F5B003F8BD8 /* Assets.xcassets */ = {isa = PBXFileReference; lastKnownFileType = folder.assetcatalog; path = Assets.xcassets; sourceTree = "<group>"; };
		187725E51CC20F5B003F8BD8 /* Base */ = {isa = PBXFileReference; lastKnownFileType = file.storyboard; name = Base; path = Base.lproj/LaunchScreen.storyboard; sourceTree = "<group>"; };
		187725E71CC20F5B003F8BD8 /* Info.plist */ = {isa = PBXFileReference; lastKnownFileType = text.plist.xml; path = Info.plist; sourceTree = "<group>"; };
		187725EC1CC20F5B003F8BD8 /* CalorieTests.xctest */ = {isa = PBXFileReference; explicitFileType = wrapper.cfbundle; includeInIndex = 0; path = CalorieTests.xctest; sourceTree = BUILT_PRODUCTS_DIR; };
		187725F01CC20F5B003F8BD8 /* CalorieTests.m */ = {isa = PBXFileReference; lastKnownFileType = sourcecode.c.objc; path = CalorieTests.m; sourceTree = "<group>"; };
		187725F21CC20F5B003F8BD8 /* Info.plist */ = {isa = PBXFileReference; lastKnownFileType = text.plist.xml; path = Info.plist; sourceTree = "<group>"; };
		187725F71CC20F5B003F8BD8 /* CalorieUITests.xctest */ = {isa = PBXFileReference; explicitFileType = wrapper.cfbundle; includeInIndex = 0; path = CalorieUITests.xctest; sourceTree = BUILT_PRODUCTS_DIR; };
		187725FB1CC20F5B003F8BD8 /* CalorieUITests.m */ = {isa = PBXFileReference; lastKnownFileType = sourcecode.c.objc; path = CalorieUITests.m; sourceTree = "<group>"; };
		187725FD1CC20F5B003F8BD8 /* Info.plist */ = {isa = PBXFileReference; lastKnownFileType = text.plist.xml; path = Info.plist; sourceTree = "<group>"; };
		382815711CC314E00016A1A5 /* CodeViewController.h */ = {isa = PBXFileReference; fileEncoding = 4; lastKnownFileType = sourcecode.c.h; path = CodeViewController.h; sourceTree = "<group>"; };
		382815721CC314E00016A1A5 /* CodeViewController.m */ = {isa = PBXFileReference; fileEncoding = 4; lastKnownFileType = sourcecode.c.objc; path = CodeViewController.m; sourceTree = "<group>"; };
		382815B81CC382010016A1A5 /* LeftViewController.h */ = {isa = PBXFileReference; fileEncoding = 4; lastKnownFileType = sourcecode.c.h; path = LeftViewController.h; sourceTree = "<group>"; };
		382815B91CC382010016A1A5 /* LeftViewController.m */ = {isa = PBXFileReference; fileEncoding = 4; lastKnownFileType = sourcecode.c.objc; path = LeftViewController.m; sourceTree = "<group>"; };
		382815BB1CC395E60016A1A5 /* MyMessageViewController.h */ = {isa = PBXFileReference; fileEncoding = 4; lastKnownFileType = sourcecode.c.h; path = MyMessageViewController.h; sourceTree = "<group>"; };
		382815BC1CC395E60016A1A5 /* MyMessageViewController.m */ = {isa = PBXFileReference; fileEncoding = 4; lastKnownFileType = sourcecode.c.objc; path = MyMessageViewController.m; sourceTree = "<group>"; };
		382815C11CC3AAAB0016A1A5 /* NavigationViewController.h */ = {isa = PBXFileReference; fileEncoding = 4; lastKnownFileType = sourcecode.c.h; path = NavigationViewController.h; sourceTree = "<group>"; };
		382815C21CC3AAAB0016A1A5 /* NavigationViewController.m */ = {isa = PBXFileReference; fileEncoding = 4; lastKnownFileType = sourcecode.c.objc; path = NavigationViewController.m; sourceTree = "<group>"; };
		385300CF1CC2BC4E00F20B26 /* SignUpViewController.h */ = {isa = PBXFileReference; fileEncoding = 4; lastKnownFileType = sourcecode.c.h; path = SignUpViewController.h; sourceTree = "<group>"; };
		385300D01CC2BC4E00F20B26 /* SignUpViewController.m */ = {isa = PBXFileReference; fileEncoding = 4; lastKnownFileType = sourcecode.c.objc; path = SignUpViewController.m; sourceTree = "<group>"; };
		385300D21CC2BC6800F20B26 /* forgetPwViewController.h */ = {isa = PBXFileReference; fileEncoding = 4; lastKnownFileType = sourcecode.c.h; path = forgetPwViewController.h; sourceTree = "<group>"; };
		385300D31CC2BC6800F20B26 /* forgetPwViewController.m */ = {isa = PBXFileReference; fileEncoding = 4; lastKnownFileType = sourcecode.c.objc; path = forgetPwViewController.m; sourceTree = "<group>"; };
		387878781CC496A500FEE5B5 /* MessageTableViewCell.h */ = {isa = PBXFileReference; fileEncoding = 4; lastKnownFileType = sourcecode.c.h; path = MessageTableViewCell.h; sourceTree = "<group>"; };
		387878791CC496A500FEE5B5 /* MessageTableViewCell.m */ = {isa = PBXFileReference; fileEncoding = 4; lastKnownFileType = sourcecode.c.objc; path = MessageTableViewCell.m; sourceTree = "<group>"; };
		3878787B1CC496B400FEE5B5 /* WorkTableViewCell.h */ = {isa = PBXFileReference; fileEncoding = 4; lastKnownFileType = sourcecode.c.h; path = WorkTableViewCell.h; sourceTree = "<group>"; };
		3878787C1CC496B400FEE5B5 /* WorkTableViewCell.m */ = {isa = PBXFileReference; fileEncoding = 4; lastKnownFileType = sourcecode.c.objc; path = WorkTableViewCell.m; sourceTree = "<group>"; };
		3878787E1CC496C700FEE5B5 /* CollectTableViewCell.h */ = {isa = PBXFileReference; fileEncoding = 4; lastKnownFileType = sourcecode.c.h; path = CollectTableViewCell.h; sourceTree = "<group>"; };
		3878787F1CC496C700FEE5B5 /* CollectTableViewCell.m */ = {isa = PBXFileReference; fileEncoding = 4; lastKnownFileType = sourcecode.c.objc; path = CollectTableViewCell.m; sourceTree = "<group>"; };
		38B573061CC482C700F020BF /* Sliding.storyboard */ = {isa = PBXFileReference; fileEncoding = 4; lastKnownFileType = file.storyboard; path = Sliding.storyboard; sourceTree = "<group>"; };
		4C464DA49D4587D7925E3699 /* Pods.release.xcconfig */ = {isa = PBXFileReference; includeInIndex = 1; lastKnownFileType = text.xcconfig; name = Pods.release.xcconfig; path = "Pods/Target Support Files/Pods/Pods.release.xcconfig"; sourceTree = "<group>"; };
		6260441FBD95FC3557187556 /* Pods.debug.xcconfig */ = {isa = PBXFileReference; includeInIndex = 1; lastKnownFileType = text.xcconfig; name = Pods.debug.xcconfig; path = "Pods/Target Support Files/Pods/Pods.debug.xcconfig"; sourceTree = "<group>"; };
		B808BA0D1CC3242C00864F24 /* SportTypeTableViewCell.h */ = {isa = PBXFileReference; fileEncoding = 4; lastKnownFileType = sourcecode.c.h; path = SportTypeTableViewCell.h; sourceTree = "<group>"; };
		B808BA0E1CC3242D00864F24 /* SportTypeTableViewCell.m */ = {isa = PBXFileReference; fileEncoding = 4; lastKnownFileType = sourcecode.c.objc; path = SportTypeTableViewCell.m; sourceTree = "<group>"; };
		B808BA141CC3565500864F24 /* TabBarViewController.h */ = {isa = PBXFileReference; fileEncoding = 4; lastKnownFileType = sourcecode.c.h; path = TabBarViewController.h; sourceTree = "<group>"; };
		B808BA151CC3565500864F24 /* TabBarViewController.m */ = {isa = PBXFileReference; fileEncoding = 4; lastKnownFileType = sourcecode.c.objc; path = TabBarViewController.m; sourceTree = "<group>"; };
		B8D900D51CC2554C00641C06 /* SignInViewController.h */ = {isa = PBXFileReference; fileEncoding = 4; lastKnownFileType = sourcecode.c.h; path = SignInViewController.h; sourceTree = "<group>"; };
		B8D900D61CC2554C00641C06 /* SignInViewController.m */ = {isa = PBXFileReference; fileEncoding = 4; lastKnownFileType = sourcecode.c.objc; path = SignInViewController.m; sourceTree = "<group>"; };
		B8D900D81CC2710900641C06 /* HomeTableViewController.h */ = {isa = PBXFileReference; fileEncoding = 4; lastKnownFileType = sourcecode.c.h; path = HomeTableViewController.h; sourceTree = "<group>"; };
		B8D900D91CC2710900641C06 /* HomeTableViewController.m */ = {isa = PBXFileReference; fileEncoding = 4; lastKnownFileType = sourcecode.c.objc; path = HomeTableViewController.m; sourceTree = "<group>"; };
		B8D900DC1CC2716900641C06 /* TitleTableViewCell.h */ = {isa = PBXFileReference; fileEncoding = 4; lastKnownFileType = sourcecode.c.h; path = TitleTableViewCell.h; sourceTree = "<group>"; };
		B8D900DD1CC2716900641C06 /* TitleTableViewCell.m */ = {isa = PBXFileReference; fileEncoding = 4; lastKnownFileType = sourcecode.c.objc; path = TitleTableViewCell.m; sourceTree = "<group>"; };
		B8D900DF1CC2718A00641C06 /* HotClubTableViewCell.h */ = {isa = PBXFileReference; fileEncoding = 4; lastKnownFileType = sourcecode.c.h; path = HotClubTableViewCell.h; sourceTree = "<group>"; };
		B8D900E01CC2718A00641C06 /* HotClubTableViewCell.m */ = {isa = PBXFileReference; fileEncoding = 4; lastKnownFileType = sourcecode.c.objc; path = HotClubTableViewCell.m; sourceTree = "<group>"; };
		B8F6B0471CC46CB100D5C7F1 /* MyWorkViewController.h */ = {isa = PBXFileReference; fileEncoding = 4; lastKnownFileType = sourcecode.c.h; path = MyWorkViewController.h; sourceTree = "<group>"; };
		B8F6B0481CC46CB100D5C7F1 /* MyWorkViewController.m */ = {isa = PBXFileReference; fileEncoding = 4; lastKnownFileType = sourcecode.c.objc; path = MyWorkViewController.m; sourceTree = "<group>"; };
		B8F6B04A1CC46D0400D5C7F1 /* MyCollectViewController.h */ = {isa = PBXFileReference; fileEncoding = 4; lastKnownFileType = sourcecode.c.h; path = MyCollectViewController.h; sourceTree = "<group>"; };
		B8F6B04B1CC46D0400D5C7F1 /* MyCollectViewController.m */ = {isa = PBXFileReference; fileEncoding = 4; lastKnownFileType = sourcecode.c.objc; path = MyCollectViewController.m; sourceTree = "<group>"; };
		B8F6B04D1CC46D9100D5C7F1 /* MessageNavViewController.h */ = {isa = PBXFileReference; fileEncoding = 4; lastKnownFileType = sourcecode.c.h; path = MessageNavViewController.h; sourceTree = "<group>"; };
		B8F6B04E1CC46D9100D5C7F1 /* MessageNavViewController.m */ = {isa = PBXFileReference; fileEncoding = 4; lastKnownFileType = sourcecode.c.objc; path = MessageNavViewController.m; sourceTree = "<group>"; };
		B8F6B0501CC46EC800D5C7F1 /* WorkNavViewController.h */ = {isa = PBXFileReference; fileEncoding = 4; lastKnownFileType = sourcecode.c.h; path = WorkNavViewController.h; sourceTree = "<group>"; };
		B8F6B0511CC46EC800D5C7F1 /* WorkNavViewController.m */ = {isa = PBXFileReference; fileEncoding = 4; lastKnownFileType = sourcecode.c.objc; path = WorkNavViewController.m; sourceTree = "<group>"; };
		B8F6B0531CC46EE700D5C7F1 /* CollectNavViewController.h */ = {isa = PBXFileReference; fileEncoding = 4; lastKnownFileType = sourcecode.c.h; path = CollectNavViewController.h; sourceTree = "<group>"; };
		B8F6B0541CC46EE700D5C7F1 /* CollectNavViewController.m */ = {isa = PBXFileReference; fileEncoding = 4; lastKnownFileType = sourcecode.c.objc; path = CollectNavViewController.m; sourceTree = "<group>"; };
		C9967E4C9082FD02452937B4 /* libPods.a */ = {isa = PBXFileReference; explicitFileType = archive.ar; includeInIndex = 0; path = libPods.a; sourceTree = BUILT_PRODUCTS_DIR; };
/* End PBXFileReference section */

/* Begin PBXFrameworksBuildPhase section */
		187725CD1CC20F5B003F8BD8 /* Frameworks */ = {
			isa = PBXFrameworksBuildPhase;
			buildActionMask = 2147483647;
			files = (
				1844777E1CC21ABA003B2354 /* Openssl.framework in Frameworks */,
				6780EED5A8F2C22F41703B21 /* libPods.a in Frameworks */,
			);
			runOnlyForDeploymentPostprocessing = 0;
		};
		187725E91CC20F5B003F8BD8 /* Frameworks */ = {
			isa = PBXFrameworksBuildPhase;
			buildActionMask = 2147483647;
			files = (
			);
			runOnlyForDeploymentPostprocessing = 0;
		};
		187725F41CC20F5B003F8BD8 /* Frameworks */ = {
			isa = PBXFrameworksBuildPhase;
			buildActionMask = 2147483647;
			files = (
			);
			runOnlyForDeploymentPostprocessing = 0;
		};
/* End PBXFrameworksBuildPhase section */

/* Begin PBXGroup section */
		184477711CC2197A003B2354 /* Model */ = {
			isa = PBXGroup;
			children = (
				187725DF1CC20F5B003F8BD8 /* Calorie.xcdatamodeld */,
			);
			name = Model;
			sourceTree = "<group>";
		};
		184477721CC21982003B2354 /* View */ = {
			isa = PBXGroup;
			children = (
				387878771CC4966E00FEE5B5 /* SlidingCell */,
				B808BA101CC3246500864F24 /* HomeCell */,
				187725DC1CC20F5B003F8BD8 /* Main.storyboard */,
				187725E21CC20F5B003F8BD8 /* Assets.xcassets */,
				187725E41CC20F5B003F8BD8 /* LaunchScreen.storyboard */,
				186685EC1CC2318C00B22A25 /* Home.storyboard */,
				38B573061CC482C700F020BF /* Sliding.storyboard */,
			);
			name = View;
			sourceTree = "<group>";
		};
		184477731CC21987003B2354 /* Controller */ = {
			isa = PBXGroup;
			children = (
				3863BC371CC4674800E0D8AC /* Nav */,
				382815B71CC381AE0016A1A5 /* SlidingView */,
				B8D900DB1CC2711400641C06 /* Home */,
				B8D900D41CC2551D00641C06 /* Login */,
			);
			name = Controller;
			sourceTree = "<group>";
		};
		184477741CC21991003B2354 /* Constants */ = {
			isa = PBXGroup;
			children = (
				1844777C1CC21A5E003B2354 /* Constants.h */,
			);
			name = Constants;
			sourceTree = "<group>";
		};
		184477751CC219CC003B2354 /* Utilities */ = {
			isa = PBXGroup;
			children = (
				184477761CC21A47003B2354 /* StorageMgr.h */,
				184477771CC21A47003B2354 /* StorageMgr.m */,
				184477781CC21A47003B2354 /* Utilities.h */,
				184477791CC21A47003B2354 /* Utilities.m */,
				184477841CC21B62003B2354 /* AppAPIClient.h */,
				184477851CC21B62003B2354 /* AppAPIClient.m */,
				184477861CC21B62003B2354 /* NSData+Base64.h */,
				184477871CC21B62003B2354 /* NSData+Base64.m */,
				184477881CC21B62003B2354 /* NSString+Crypt.h */,
				184477891CC21B62003B2354 /* NSString+Crypt.m */,
				1844778A1CC21B62003B2354 /* RequestAPI.h */,
				1844778B1CC21B62003B2354 /* RequestAPI.m */,
			);
			name = Utilities;
			sourceTree = "<group>";
		};
		1844777F1CC21B36003B2354 /* 3rd */ = {
			isa = PBXGroup;
			children = (
				184477801CC21B44003B2354 /* SCZ-BasicEncodingRules */,
			);
			name = 3rd;
			sourceTree = "<group>";
		};
		184477801CC21B44003B2354 /* SCZ-BasicEncodingRules */ = {
			isa = PBXGroup;
			children = (
				184477811CC21B4E003B2354 /* BasicEncodingRules.h */,
				184477821CC21B4E003B2354 /* BasicEncodingRules.m */,
			);
			name = "SCZ-BasicEncodingRules";
			sourceTree = "<group>";
		};
		187725C71CC20F5B003F8BD8 = {
			isa = PBXGroup;
			children = (
				187725D21CC20F5B003F8BD8 /* Calorie */,
				187725EF1CC20F5B003F8BD8 /* CalorieTests */,
				187725FA1CC20F5B003F8BD8 /* CalorieUITests */,
				187725D11CC20F5B003F8BD8 /* Products */,
				48A84C8420DB912E00D3B9EB /* Pods */,
				72A11EC5860291EC437DB3E6 /* Frameworks */,
			);
			sourceTree = "<group>";
		};
		187725D11CC20F5B003F8BD8 /* Products */ = {
			isa = PBXGroup;
			children = (
				187725D01CC20F5B003F8BD8 /* Calorie.app */,
				187725EC1CC20F5B003F8BD8 /* CalorieTests.xctest */,
				187725F71CC20F5B003F8BD8 /* CalorieUITests.xctest */,
			);
			name = Products;
			sourceTree = "<group>";
		};
		187725D21CC20F5B003F8BD8 /* Calorie */ = {
			isa = PBXGroup;
			children = (
				1844777F1CC21B36003B2354 /* 3rd */,
				184477751CC219CC003B2354 /* Utilities */,
				184477741CC21991003B2354 /* Constants */,
				184477731CC21987003B2354 /* Controller */,
				184477721CC21982003B2354 /* View */,
				184477711CC2197A003B2354 /* Model */,
				187725D31CC20F5B003F8BD8 /* Supporting Files */,
			);
			path = Calorie;
			sourceTree = "<group>";
		};
		187725D31CC20F5B003F8BD8 /* Supporting Files */ = {
			isa = PBXGroup;
			children = (
				187725D61CC20F5B003F8BD8 /* AppDelegate.h */,
				187725D71CC20F5B003F8BD8 /* AppDelegate.m */,
				187725E71CC20F5B003F8BD8 /* Info.plist */,
				187725D41CC20F5B003F8BD8 /* main.m */,
				184477901CC21BF6003B2354 /* PrefixHeader.pch */,
			);
			name = "Supporting Files";
			sourceTree = "<group>";
		};
		187725EF1CC20F5B003F8BD8 /* CalorieTests */ = {
			isa = PBXGroup;
			children = (
				187725F01CC20F5B003F8BD8 /* CalorieTests.m */,
				187725F21CC20F5B003F8BD8 /* Info.plist */,
			);
			path = CalorieTests;
			sourceTree = "<group>";
		};
		187725FA1CC20F5B003F8BD8 /* CalorieUITests */ = {
			isa = PBXGroup;
			children = (
				187725FB1CC20F5B003F8BD8 /* CalorieUITests.m */,
				187725FD1CC20F5B003F8BD8 /* Info.plist */,
			);
			path = CalorieUITests;
			sourceTree = "<group>";
		};
		382815B71CC381AE0016A1A5 /* SlidingView */ = {
			isa = PBXGroup;
			children = (
				382815B81CC382010016A1A5 /* LeftViewController.h */,
				382815B91CC382010016A1A5 /* LeftViewController.m */,
				382815BB1CC395E60016A1A5 /* MyMessageViewController.h */,
				382815BC1CC395E60016A1A5 /* MyMessageViewController.m */,
				B8F6B0471CC46CB100D5C7F1 /* MyWorkViewController.h */,
				B8F6B0481CC46CB100D5C7F1 /* MyWorkViewController.m */,
				B8F6B04A1CC46D0400D5C7F1 /* MyCollectViewController.h */,
				B8F6B04B1CC46D0400D5C7F1 /* MyCollectViewController.m */,
			);
			name = SlidingView;
			sourceTree = "<group>";
		};
		3863BC371CC4674800E0D8AC /* Nav */ = {
			isa = PBXGroup;
			children = (
				382815C11CC3AAAB0016A1A5 /* NavigationViewController.h */,
				382815C21CC3AAAB0016A1A5 /* NavigationViewController.m */,
				B8F6B04D1CC46D9100D5C7F1 /* MessageNavViewController.h */,
				B8F6B04E1CC46D9100D5C7F1 /* MessageNavViewController.m */,
				B8F6B0501CC46EC800D5C7F1 /* WorkNavViewController.h */,
				B8F6B0511CC46EC800D5C7F1 /* WorkNavViewController.m */,
				B8F6B0531CC46EE700D5C7F1 /* CollectNavViewController.h */,
				B8F6B0541CC46EE700D5C7F1 /* CollectNavViewController.m */,
			);
			name = Nav;
			sourceTree = "<group>";
		};
		387878771CC4966E00FEE5B5 /* SlidingCell */ = {
			isa = PBXGroup;
			children = (
				387878781CC496A500FEE5B5 /* MessageTableViewCell.h */,
				387878791CC496A500FEE5B5 /* MessageTableViewCell.m */,
				3878787B1CC496B400FEE5B5 /* WorkTableViewCell.h */,
				3878787C1CC496B400FEE5B5 /* WorkTableViewCell.m */,
				3878787E1CC496C700FEE5B5 /* CollectTableViewCell.h */,
				3878787F1CC496C700FEE5B5 /* CollectTableViewCell.m */,
			);
			name = SlidingCell;
			sourceTree = "<group>";
		};
		48A84C8420DB912E00D3B9EB /* Pods */ = {
			isa = PBXGroup;
			children = (
				6260441FBD95FC3557187556 /* Pods.debug.xcconfig */,
				4C464DA49D4587D7925E3699 /* Pods.release.xcconfig */,
			);
			name = Pods;
			sourceTree = "<group>";
		};
		72A11EC5860291EC437DB3E6 /* Frameworks */ = {
			isa = PBXGroup;
			children = (
				1844777D1CC21ABA003B2354 /* Openssl.framework */,
				C9967E4C9082FD02452937B4 /* libPods.a */,
			);
			name = Frameworks;
			sourceTree = "<group>";
		};
		B808BA101CC3246500864F24 /* HomeCell */ = {
			isa = PBXGroup;
			children = (
				B8D900DC1CC2716900641C06 /* TitleTableViewCell.h */,
				B8D900DD1CC2716900641C06 /* TitleTableViewCell.m */,
				B8D900DF1CC2718A00641C06 /* HotClubTableViewCell.h */,
				B8D900E01CC2718A00641C06 /* HotClubTableViewCell.m */,
				B808BA0D1CC3242C00864F24 /* SportTypeTableViewCell.h */,
				B808BA0E1CC3242D00864F24 /* SportTypeTableViewCell.m */,
			);
			name = HomeCell;
			sourceTree = "<group>";
		};
		B8D900D41CC2551D00641C06 /* Login */ = {
			isa = PBXGroup;
			children = (
				B8D900D51CC2554C00641C06 /* SignInViewController.h */,
				B8D900D61CC2554C00641C06 /* SignInViewController.m */,
				385300CF1CC2BC4E00F20B26 /* SignUpViewController.h */,
				385300D01CC2BC4E00F20B26 /* SignUpViewController.m */,
				382815711CC314E00016A1A5 /* CodeViewController.h */,
				382815721CC314E00016A1A5 /* CodeViewController.m */,
				385300D21CC2BC6800F20B26 /* forgetPwViewController.h */,
				385300D31CC2BC6800F20B26 /* forgetPwViewController.m */,
			);
			name = Login;
			sourceTree = "<group>";
		};
		B8D900DB1CC2711400641C06 /* Home */ = {
			isa = PBXGroup;
			children = (
				B808BA141CC3565500864F24 /* TabBarViewController.h */,
				B808BA151CC3565500864F24 /* TabBarViewController.m */,
				B8D900D81CC2710900641C06 /* HomeTableViewController.h */,
				B8D900D91CC2710900641C06 /* HomeTableViewController.m */,
				1820D3241CC3231F0010A405 /* SportTypeTableViewController.h */,
				1820D3251CC3231F0010A405 /* SportTypeTableViewController.m */,
				1820D3271CC3233D0010A405 /* ClubDetailViewController.h */,
				1820D3281CC3233D0010A405 /* ClubDetailViewController.m */,
			);
			name = Home;
			sourceTree = "<group>";
		};
/* End PBXGroup section */

/* Begin PBXNativeTarget section */
		187725CF1CC20F5B003F8BD8 /* Calorie */ = {
			isa = PBXNativeTarget;
			buildConfigurationList = 187726001CC20F5B003F8BD8 /* Build configuration list for PBXNativeTarget "Calorie" */;
			buildPhases = (
				D8FB12DB85CFF59A92ABB1F9 /* Check Pods Manifest.lock */,
				187725CC1CC20F5B003F8BD8 /* Sources */,
				187725CD1CC20F5B003F8BD8 /* Frameworks */,
				187725CE1CC20F5B003F8BD8 /* Resources */,
				7091BCE630264397E1917CA2 /* Embed Pods Frameworks */,
				3A075C743649577B7F2AAE29 /* Copy Pods Resources */,
			);
			buildRules = (
			);
			dependencies = (
			);
			name = Calorie;
			productName = Calorie;
			productReference = 187725D01CC20F5B003F8BD8 /* Calorie.app */;
			productType = "com.apple.product-type.application";
		};
		187725EB1CC20F5B003F8BD8 /* CalorieTests */ = {
			isa = PBXNativeTarget;
			buildConfigurationList = 187726031CC20F5B003F8BD8 /* Build configuration list for PBXNativeTarget "CalorieTests" */;
			buildPhases = (
				187725E81CC20F5B003F8BD8 /* Sources */,
				187725E91CC20F5B003F8BD8 /* Frameworks */,
				187725EA1CC20F5B003F8BD8 /* Resources */,
			);
			buildRules = (
			);
			dependencies = (
				187725EE1CC20F5B003F8BD8 /* PBXTargetDependency */,
			);
			name = CalorieTests;
			productName = CalorieTests;
			productReference = 187725EC1CC20F5B003F8BD8 /* CalorieTests.xctest */;
			productType = "com.apple.product-type.bundle.unit-test";
		};
		187725F61CC20F5B003F8BD8 /* CalorieUITests */ = {
			isa = PBXNativeTarget;
			buildConfigurationList = 187726061CC20F5B003F8BD8 /* Build configuration list for PBXNativeTarget "CalorieUITests" */;
			buildPhases = (
				187725F31CC20F5B003F8BD8 /* Sources */,
				187725F41CC20F5B003F8BD8 /* Frameworks */,
				187725F51CC20F5B003F8BD8 /* Resources */,
			);
			buildRules = (
			);
			dependencies = (
				187725F91CC20F5B003F8BD8 /* PBXTargetDependency */,
			);
			name = CalorieUITests;
			productName = CalorieUITests;
			productReference = 187725F71CC20F5B003F8BD8 /* CalorieUITests.xctest */;
			productType = "com.apple.product-type.bundle.ui-testing";
		};
/* End PBXNativeTarget section */

/* Begin PBXProject section */
		187725C81CC20F5B003F8BD8 /* Project object */ = {
			isa = PBXProject;
			attributes = {
				LastUpgradeCheck = 0720;
				ORGANIZATIONNAME = Hurricane;
				TargetAttributes = {
					187725CF1CC20F5B003F8BD8 = {
						CreatedOnToolsVersion = 7.2.1;
					};
					187725EB1CC20F5B003F8BD8 = {
						CreatedOnToolsVersion = 7.2.1;
						TestTargetID = 187725CF1CC20F5B003F8BD8;
					};
					187725F61CC20F5B003F8BD8 = {
						CreatedOnToolsVersion = 7.2.1;
						TestTargetID = 187725CF1CC20F5B003F8BD8;
					};
				};
			};
			buildConfigurationList = 187725CB1CC20F5B003F8BD8 /* Build configuration list for PBXProject "Calorie" */;
			compatibilityVersion = "Xcode 3.2";
			developmentRegion = English;
			hasScannedForEncodings = 0;
			knownRegions = (
				en,
				Base,
			);
			mainGroup = 187725C71CC20F5B003F8BD8;
			productRefGroup = 187725D11CC20F5B003F8BD8 /* Products */;
			projectDirPath = "";
			projectRoot = "";
			targets = (
				187725CF1CC20F5B003F8BD8 /* Calorie */,
				187725EB1CC20F5B003F8BD8 /* CalorieTests */,
				187725F61CC20F5B003F8BD8 /* CalorieUITests */,
			);
		};
/* End PBXProject section */

/* Begin PBXResourcesBuildPhase section */
		187725CE1CC20F5B003F8BD8 /* Resources */ = {
			isa = PBXResourcesBuildPhase;
			buildActionMask = 2147483647;
			files = (
				38B573071CC482C700F020BF /* Sliding.storyboard in Resources */,
				187725E61CC20F5B003F8BD8 /* LaunchScreen.storyboard in Resources */,
				187725E31CC20F5B003F8BD8 /* Assets.xcassets in Resources */,
				187725DE1CC20F5B003F8BD8 /* Main.storyboard in Resources */,
				186685ED1CC2318C00B22A25 /* Home.storyboard in Resources */,
			);
			runOnlyForDeploymentPostprocessing = 0;
		};
		187725EA1CC20F5B003F8BD8 /* Resources */ = {
			isa = PBXResourcesBuildPhase;
			buildActionMask = 2147483647;
			files = (
			);
			runOnlyForDeploymentPostprocessing = 0;
		};
		187725F51CC20F5B003F8BD8 /* Resources */ = {
			isa = PBXResourcesBuildPhase;
			buildActionMask = 2147483647;
			files = (
			);
			runOnlyForDeploymentPostprocessing = 0;
		};
/* End PBXResourcesBuildPhase section */

/* Begin PBXShellScriptBuildPhase section */
		3A075C743649577B7F2AAE29 /* Copy Pods Resources */ = {
			isa = PBXShellScriptBuildPhase;
			buildActionMask = 2147483647;
			files = (
			);
			inputPaths = (
			);
			name = "Copy Pods Resources";
			outputPaths = (
			);
			runOnlyForDeploymentPostprocessing = 0;
			shellPath = /bin/sh;
			shellScript = "\"${SRCROOT}/Pods/Target Support Files/Pods/Pods-resources.sh\"\n";
			showEnvVarsInLog = 0;
		};
		7091BCE630264397E1917CA2 /* Embed Pods Frameworks */ = {
			isa = PBXShellScriptBuildPhase;
			buildActionMask = 2147483647;
			files = (
			);
			inputPaths = (
			);
			name = "Embed Pods Frameworks";
			outputPaths = (
			);
			runOnlyForDeploymentPostprocessing = 0;
			shellPath = /bin/sh;
			shellScript = "\"${SRCROOT}/Pods/Target Support Files/Pods/Pods-frameworks.sh\"\n";
			showEnvVarsInLog = 0;
		};
		D8FB12DB85CFF59A92ABB1F9 /* Check Pods Manifest.lock */ = {
			isa = PBXShellScriptBuildPhase;
			buildActionMask = 2147483647;
			files = (
			);
			inputPaths = (
			);
			name = "Check Pods Manifest.lock";
			outputPaths = (
			);
			runOnlyForDeploymentPostprocessing = 0;
			shellPath = /bin/sh;
			shellScript = "diff \"${PODS_ROOT}/../Podfile.lock\" \"${PODS_ROOT}/Manifest.lock\" > /dev/null\nif [[ $? != 0 ]] ; then\n    cat << EOM\nerror: The sandbox is not in sync with the Podfile.lock. Run 'pod install' or update your CocoaPods installation.\nEOM\n    exit 1\nfi\n";
			showEnvVarsInLog = 0;
		};
/* End PBXShellScriptBuildPhase section */

/* Begin PBXSourcesBuildPhase section */
		187725CC1CC20F5B003F8BD8 /* Sources */ = {
			isa = PBXSourcesBuildPhase;
			buildActionMask = 2147483647;
			files = (
				1844777B1CC21A47003B2354 /* Utilities.m in Sources */,
				184477831CC21B4E003B2354 /* BasicEncodingRules.m in Sources */,
				385300D11CC2BC4E00F20B26 /* SignUpViewController.m in Sources */,
				1844778C1CC21B62003B2354 /* AppAPIClient.m in Sources */,
				1820D3291CC3233D0010A405 /* ClubDetailViewController.m in Sources */,
				B8F6B0521CC46EC800D5C7F1 /* WorkNavViewController.m in Sources */,
				382815731CC314E00016A1A5 /* CodeViewController.m in Sources */,
				1844778E1CC21B62003B2354 /* NSString+Crypt.m in Sources */,
				B8D900DE1CC2716900641C06 /* TitleTableViewCell.m in Sources */,
				B8D900DA1CC2710900641C06 /* HomeTableViewController.m in Sources */,
				B8F6B0551CC46EE700D5C7F1 /* CollectNavViewController.m in Sources */,
				B8D900D71CC2554C00641C06 /* SignInViewController.m in Sources */,
				187725D81CC20F5B003F8BD8 /* AppDelegate.m in Sources */,
				1820D3261CC3231F0010A405 /* SportTypeTableViewController.m in Sources */,
				B8F6B04F1CC46D9100D5C7F1 /* MessageNavViewController.m in Sources */,
				B808BA0F1CC3242D00864F24 /* SportTypeTableViewCell.m in Sources */,
				187725D51CC20F5B003F8BD8 /* main.m in Sources */,
				3878787A1CC496A500FEE5B5 /* MessageTableViewCell.m in Sources */,
				B8D900E11CC2718A00641C06 /* HotClubTableViewCell.m in Sources */,
				1844778F1CC21B62003B2354 /* RequestAPI.m in Sources */,
				B8F6B0491CC46CB100D5C7F1 /* MyWorkViewController.m in Sources */,
				B808BA161CC3565500864F24 /* TabBarViewController.m in Sources */,
				187725E11CC20F5B003F8BD8 /* Calorie.xcdatamodeld in Sources */,
				B8F6B04C1CC46D0400D5C7F1 /* MyCollectViewController.m in Sources */,
				382815BD1CC395E60016A1A5 /* MyMessageViewController.m in Sources */,
				1844777A1CC21A47003B2354 /* StorageMgr.m in Sources */,
				387878801CC496C700FEE5B5 /* CollectTableViewCell.m in Sources */,
				382815C31CC3AAAB0016A1A5 /* NavigationViewController.m in Sources */,
				3878787D1CC496B400FEE5B5 /* WorkTableViewCell.m in Sources */,
				382815BA1CC382010016A1A5 /* LeftViewController.m in Sources */,
				1844778D1CC21B62003B2354 /* NSData+Base64.m in Sources */,
				385300D41CC2BC6800F20B26 /* forgetPwViewController.m in Sources */,
			);
			runOnlyForDeploymentPostprocessing = 0;
		};
		187725E81CC20F5B003F8BD8 /* Sources */ = {
			isa = PBXSourcesBuildPhase;
			buildActionMask = 2147483647;
			files = (
				187725F11CC20F5B003F8BD8 /* CalorieTests.m in Sources */,
			);
			runOnlyForDeploymentPostprocessing = 0;
		};
		187725F31CC20F5B003F8BD8 /* Sources */ = {
			isa = PBXSourcesBuildPhase;
			buildActionMask = 2147483647;
			files = (
				187725FC1CC20F5B003F8BD8 /* CalorieUITests.m in Sources */,
			);
			runOnlyForDeploymentPostprocessing = 0;
		};
/* End PBXSourcesBuildPhase section */

/* Begin PBXTargetDependency section */
		187725EE1CC20F5B003F8BD8 /* PBXTargetDependency */ = {
			isa = PBXTargetDependency;
			target = 187725CF1CC20F5B003F8BD8 /* Calorie */;
			targetProxy = 187725ED1CC20F5B003F8BD8 /* PBXContainerItemProxy */;
		};
		187725F91CC20F5B003F8BD8 /* PBXTargetDependency */ = {
			isa = PBXTargetDependency;
			target = 187725CF1CC20F5B003F8BD8 /* Calorie */;
			targetProxy = 187725F81CC20F5B003F8BD8 /* PBXContainerItemProxy */;
		};
/* End PBXTargetDependency section */

/* Begin PBXVariantGroup section */
		187725DC1CC20F5B003F8BD8 /* Main.storyboard */ = {
			isa = PBXVariantGroup;
			children = (
				187725DD1CC20F5B003F8BD8 /* Base */,
			);
			name = Main.storyboard;
			sourceTree = "<group>";
		};
		187725E41CC20F5B003F8BD8 /* LaunchScreen.storyboard */ = {
			isa = PBXVariantGroup;
			children = (
				187725E51CC20F5B003F8BD8 /* Base */,
			);
			name = LaunchScreen.storyboard;
			sourceTree = "<group>";
		};
/* End PBXVariantGroup section */

/* Begin XCBuildConfiguration section */
		187725FE1CC20F5B003F8BD8 /* Debug */ = {
			isa = XCBuildConfiguration;
			buildSettings = {
				ALWAYS_SEARCH_USER_PATHS = NO;
				CLANG_CXX_LANGUAGE_STANDARD = "gnu++0x";
				CLANG_CXX_LIBRARY = "libc++";
				CLANG_ENABLE_MODULES = YES;
				CLANG_ENABLE_OBJC_ARC = YES;
				CLANG_WARN_BOOL_CONVERSION = YES;
				CLANG_WARN_CONSTANT_CONVERSION = YES;
				CLANG_WARN_DIRECT_OBJC_ISA_USAGE = YES_ERROR;
				CLANG_WARN_EMPTY_BODY = YES;
				CLANG_WARN_ENUM_CONVERSION = YES;
				CLANG_WARN_INT_CONVERSION = YES;
				CLANG_WARN_OBJC_ROOT_CLASS = YES_ERROR;
				CLANG_WARN_UNREACHABLE_CODE = YES;
				CLANG_WARN__DUPLICATE_METHOD_MATCH = YES;
				"CODE_SIGN_IDENTITY[sdk=iphoneos*]" = "iPhone Developer";
				COPY_PHASE_STRIP = NO;
				DEBUG_INFORMATION_FORMAT = dwarf;
				ENABLE_STRICT_OBJC_MSGSEND = YES;
				ENABLE_TESTABILITY = YES;
				GCC_C_LANGUAGE_STANDARD = gnu99;
				GCC_DYNAMIC_NO_PIC = NO;
				GCC_NO_COMMON_BLOCKS = YES;
				GCC_OPTIMIZATION_LEVEL = 0;
				GCC_PREPROCESSOR_DEFINITIONS = (
					"DEBUG=1",
					"$(inherited)",
				);
				GCC_WARN_64_TO_32_BIT_CONVERSION = YES;
				GCC_WARN_ABOUT_RETURN_TYPE = YES_ERROR;
				GCC_WARN_UNDECLARED_SELECTOR = YES;
				GCC_WARN_UNINITIALIZED_AUTOS = YES_AGGRESSIVE;
				GCC_WARN_UNUSED_FUNCTION = YES;
				GCC_WARN_UNUSED_VARIABLE = YES;
				IPHONEOS_DEPLOYMENT_TARGET = 9.2;
				MTL_ENABLE_DEBUG_INFO = YES;
				ONLY_ACTIVE_ARCH = YES;
				SDKROOT = iphoneos;
			};
			name = Debug;
		};
		187725FF1CC20F5B003F8BD8 /* Release */ = {
			isa = XCBuildConfiguration;
			buildSettings = {
				ALWAYS_SEARCH_USER_PATHS = NO;
				CLANG_CXX_LANGUAGE_STANDARD = "gnu++0x";
				CLANG_CXX_LIBRARY = "libc++";
				CLANG_ENABLE_MODULES = YES;
				CLANG_ENABLE_OBJC_ARC = YES;
				CLANG_WARN_BOOL_CONVERSION = YES;
				CLANG_WARN_CONSTANT_CONVERSION = YES;
				CLANG_WARN_DIRECT_OBJC_ISA_USAGE = YES_ERROR;
				CLANG_WARN_EMPTY_BODY = YES;
				CLANG_WARN_ENUM_CONVERSION = YES;
				CLANG_WARN_INT_CONVERSION = YES;
				CLANG_WARN_OBJC_ROOT_CLASS = YES_ERROR;
				CLANG_WARN_UNREACHABLE_CODE = YES;
				CLANG_WARN__DUPLICATE_METHOD_MATCH = YES;
				"CODE_SIGN_IDENTITY[sdk=iphoneos*]" = "iPhone Developer";
				COPY_PHASE_STRIP = NO;
				DEBUG_INFORMATION_FORMAT = "dwarf-with-dsym";
				ENABLE_NS_ASSERTIONS = NO;
				ENABLE_STRICT_OBJC_MSGSEND = YES;
				GCC_C_LANGUAGE_STANDARD = gnu99;
				GCC_NO_COMMON_BLOCKS = YES;
				GCC_WARN_64_TO_32_BIT_CONVERSION = YES;
				GCC_WARN_ABOUT_RETURN_TYPE = YES_ERROR;
				GCC_WARN_UNDECLARED_SELECTOR = YES;
				GCC_WARN_UNINITIALIZED_AUTOS = YES_AGGRESSIVE;
				GCC_WARN_UNUSED_FUNCTION = YES;
				GCC_WARN_UNUSED_VARIABLE = YES;
				IPHONEOS_DEPLOYMENT_TARGET = 9.2;
				MTL_ENABLE_DEBUG_INFO = NO;
				SDKROOT = iphoneos;
				VALIDATE_PRODUCT = YES;
			};
			name = Release;
		};
		187726011CC20F5B003F8BD8 /* Debug */ = {
			isa = XCBuildConfiguration;
			baseConfigurationReference = 6260441FBD95FC3557187556 /* Pods.debug.xcconfig */;
			buildSettings = {
				ASSETCATALOG_COMPILER_APPICON_NAME = AppIcon;
				FRAMEWORK_SEARCH_PATHS = (
					"$(inherited)",
					"$(PROJECT_DIR)",
				);
				GCC_PRECOMPILE_PREFIX_HEADER = YES;
				GCC_PREFIX_HEADER = Calorie/PrefixHeader.pch;
				INFOPLIST_FILE = Calorie/Info.plist;
				IPHONEOS_DEPLOYMENT_TARGET = 9.1;
				LD_RUNPATH_SEARCH_PATHS = "$(inherited) @executable_path/Frameworks";
				PRODUCT_BUNDLE_IDENTIFIER = JF.Calorie;
				PRODUCT_NAME = "$(TARGET_NAME)";
			};
			name = Debug;
		};
		187726021CC20F5B003F8BD8 /* Release */ = {
			isa = XCBuildConfiguration;
			baseConfigurationReference = 4C464DA49D4587D7925E3699 /* Pods.release.xcconfig */;
			buildSettings = {
				ASSETCATALOG_COMPILER_APPICON_NAME = AppIcon;
				FRAMEWORK_SEARCH_PATHS = (
					"$(inherited)",
					"$(PROJECT_DIR)",
				);
				GCC_PRECOMPILE_PREFIX_HEADER = YES;
				GCC_PREFIX_HEADER = Calorie/PrefixHeader.pch;
				INFOPLIST_FILE = Calorie/Info.plist;
				IPHONEOS_DEPLOYMENT_TARGET = 9.1;
				LD_RUNPATH_SEARCH_PATHS = "$(inherited) @executable_path/Frameworks";
				PRODUCT_BUNDLE_IDENTIFIER = JF.Calorie;
				PRODUCT_NAME = "$(TARGET_NAME)";
			};
			name = Release;
		};
		187726041CC20F5B003F8BD8 /* Debug */ = {
			isa = XCBuildConfiguration;
			buildSettings = {
				BUNDLE_LOADER = "$(TEST_HOST)";
				INFOPLIST_FILE = CalorieTests/Info.plist;
				LD_RUNPATH_SEARCH_PATHS = "$(inherited) @executable_path/Frameworks @loader_path/Frameworks";
				PRODUCT_BUNDLE_IDENTIFIER = JF.CalorieTests;
				PRODUCT_NAME = "$(TARGET_NAME)";
				TEST_HOST = "$(BUILT_PRODUCTS_DIR)/Calorie.app/Calorie";
			};
			name = Debug;
		};
		187726051CC20F5B003F8BD8 /* Release */ = {
			isa = XCBuildConfiguration;
			buildSettings = {
				BUNDLE_LOADER = "$(TEST_HOST)";
				INFOPLIST_FILE = CalorieTests/Info.plist;
				LD_RUNPATH_SEARCH_PATHS = "$(inherited) @executable_path/Frameworks @loader_path/Frameworks";
				PRODUCT_BUNDLE_IDENTIFIER = JF.CalorieTests;
				PRODUCT_NAME = "$(TARGET_NAME)";
				TEST_HOST = "$(BUILT_PRODUCTS_DIR)/Calorie.app/Calorie";
			};
			name = Release;
		};
		187726071CC20F5B003F8BD8 /* Debug */ = {
			isa = XCBuildConfiguration;
			buildSettings = {
				INFOPLIST_FILE = CalorieUITests/Info.plist;
				LD_RUNPATH_SEARCH_PATHS = "$(inherited) @executable_path/Frameworks @loader_path/Frameworks";
				PRODUCT_BUNDLE_IDENTIFIER = JF.CalorieUITests;
				PRODUCT_NAME = "$(TARGET_NAME)";
				TEST_TARGET_NAME = Calorie;
				USES_XCTRUNNER = YES;
			};
			name = Debug;
		};
		187726081CC20F5B003F8BD8 /* Release */ = {
			isa = XCBuildConfiguration;
			buildSettings = {
				INFOPLIST_FILE = CalorieUITests/Info.plist;
				LD_RUNPATH_SEARCH_PATHS = "$(inherited) @executable_path/Frameworks @loader_path/Frameworks";
				PRODUCT_BUNDLE_IDENTIFIER = JF.CalorieUITests;
				PRODUCT_NAME = "$(TARGET_NAME)";
				TEST_TARGET_NAME = Calorie;
				USES_XCTRUNNER = YES;
			};
			name = Release;
		};
/* End XCBuildConfiguration section */

/* Begin XCConfigurationList section */
		187725CB1CC20F5B003F8BD8 /* Build configuration list for PBXProject "Calorie" */ = {
			isa = XCConfigurationList;
			buildConfigurations = (
				187725FE1CC20F5B003F8BD8 /* Debug */,
				187725FF1CC20F5B003F8BD8 /* Release */,
			);
			defaultConfigurationIsVisible = 0;
			defaultConfigurationName = Release;
		};
		187726001CC20F5B003F8BD8 /* Build configuration list for PBXNativeTarget "Calorie" */ = {
			isa = XCConfigurationList;
			buildConfigurations = (
				187726011CC20F5B003F8BD8 /* Debug */,
				187726021CC20F5B003F8BD8 /* Release */,
			);
			defaultConfigurationIsVisible = 0;
			defaultConfigurationName = Release;
		};
		187726031CC20F5B003F8BD8 /* Build configuration list for PBXNativeTarget "CalorieTests" */ = {
			isa = XCConfigurationList;
			buildConfigurations = (
				187726041CC20F5B003F8BD8 /* Debug */,
				187726051CC20F5B003F8BD8 /* Release */,
			);
			defaultConfigurationIsVisible = 0;
			defaultConfigurationName = Release;
		};
		187726061CC20F5B003F8BD8 /* Build configuration list for PBXNativeTarget "CalorieUITests" */ = {
			isa = XCConfigurationList;
			buildConfigurations = (
				187726071CC20F5B003F8BD8 /* Debug */,
				187726081CC20F5B003F8BD8 /* Release */,
			);
			defaultConfigurationIsVisible = 0;
			defaultConfigurationName = Release;
		};
/* End XCConfigurationList section */

/* Begin XCVersionGroup section */
		187725DF1CC20F5B003F8BD8 /* Calorie.xcdatamodeld */ = {
			isa = XCVersionGroup;
			children = (
				187725E01CC20F5B003F8BD8 /* Calorie.xcdatamodel */,
			);
			currentVersion = 187725E01CC20F5B003F8BD8 /* Calorie.xcdatamodel */;
			path = Calorie.xcdatamodeld;
			sourceTree = "<group>";
			versionGroupType = wrapper.xcdatamodel;
		};
/* End XCVersionGroup section */
	};
	rootObject = 187725C81CC20F5B003F8BD8 /* Project object */;
}
